{
  "name": "set-vs-array.topic",
  "lockfileVersion": 3,
  "requires": true,
  "packages": {
    "": {
      "name": "set-vs-array.topic",
      "dependencies": {
        "mitata": "^0.1.6"
      }
    },
    "node_modules/mitata": {
      "version": "0.1.6",
      "resolved": "https://registry.npmjs.org/mitata/-/mitata-0.1.6.tgz",
      "integrity": "sha512-VKQ0r3jriTOU9E2Z+mwbZrUmbg4Li4QyFfi7kfHKl6reZhGzL0AYlu3wE0VPXzIwA5xnFzmEQoBwCcNT8stUkA=="
    }
  }
}
