{
  "name": "minecraft-ping.topic",
  "version": "1.0.0",
  "lockfileVersion": 2,
  "requires": true,
  "packages": {
    "": {
      "name": "minecraft-ping.topic",
      "dependencies": {
        "minecraft-server-util": "^3.5.1"
      }
    },
    "node_modules/ansi-styles": {
      "version": "5.2.0",
      "resolved": "https://registry.npmjs.org/ansi-styles/-/ansi-styles-5.2.0.tgz",
      "integrity": "sha512-Cxwpt2SfTzTtXcfOlzGEee8O+c+MmUgGrNiBcXnuWxuFJHe6a5Hz7qwhwe5OgaSYI0IJvkLqWX1ASG+cJOkEiA==",
      "engines": {
        "node": ">=10"
      },
      "funding": {
        "url": "https://github.com/chalk/ansi-styles?sponsor=1"
      }
    },
    "node_modules/minecraft-server-util": {
      "version": "3.5.1",
      "resolved": "https://registry.npmjs.org/minecraft-server-util/-/minecraft-server-util-3.5.1.tgz",
      "integrity": "sha512-vjyJiB/fYwRvd71BSq+yp/eyz1n/osZNGHlmzGsCyU6UoolWm/IPRq5jnu99jlneVXtGpFDnGewCX9js3Km7nQ==",
      "dependencies": {
        "ansi-styles": "^5.0.0"
      },
      "engines": {
        "node": ">=10.0.0"
      }
    }
  },
  "dependencies": {
    "ansi-styles": {
      "version": "5.2.0",
      "resolved": "https://registry.npmjs.org/ansi-styles/-/ansi-styles-5.2.0.tgz",
      "integrity": "sha512-Cxwpt2SfTzTtXcfOlzGEee8O+c+MmUgGrNiBcXnuWxuFJHe6a5Hz7qwhwe5OgaSYI0IJvkLqWX1ASG+cJOkEiA=="
    },
    "minecraft-server-util": {
      "version": "3.5.1",
      "resolved": "https://registry.npmjs.org/minecraft-server-util/-/minecraft-server-util-3.5.1.tgz",
      "integrity": "sha512-vjyJiB/fYwRvd71BSq+yp/eyz1n/osZNGHlmzGsCyU6UoolWm/IPRq5jnu99jlneVXtGpFDnGewCX9js3Km7nQ==",
      "requires": {
        "ansi-styles": "^5.0.0"
      }
    }
  }
}
